// !$*UTF8*$!
{
	archiveVersion = 1;
	classes = {
	};
	objectVersion = 52;
	objects = {

/* Begin PBXBuildFile section */
		36E1CFAE25BB3C66000EE9E0 /* TicTacToeApp.swift in Sources */ = {isa = PBXBuildFile; fileRef = 36E1CFAD25BB3C66000EE9E0 /* TicTacToeApp.swift */; };
		36E1CFB025BB3C66000EE9E0 /* ContentView.swift in Sources */ = {isa = PBXBuildFile; fileRef = 36E1CFAF25BB3C66000EE9E0 /* ContentView.swift */; };
		36E1CFB225BB3C69000EE9E0 /* Assets.xcassets in Resources */ = {isa = PBXBuildFile; fileRef = 36E1CFB125BB3C69000EE9E0 /* Assets.xcassets */; };
		36E1CFB525BB3C69000EE9E0 /* Preview Assets.xcassets in Resources */ = {isa = PBXBuildFile; fileRef = 36E1CFB425BB3C69000EE9E0 /* Preview Assets.xcassets */; };
		36E1CFC025BB3C69000EE9E0 /* TicTacToeTests.swift in Sources */ = {isa = PBXBuildFile; fileRef = 36E1CFBF25BB3C69000EE9E0 /* TicTacToeTests.swift */; };
		36E1CFCB25BB3C69000EE9E0 /* TicTacToeUITests.swift in Sources */ = {isa = PBXBuildFile; fileRef = 36E1CFCA25BB3C69000EE9E0 /* TicTacToeUITests.swift */; };
		36E1CFE025BCB1E6000EE9E0 /* tictactoe.proto in Sources */ = {isa = PBXBuildFile; fileRef = 36E1CFDF25BCB1E5000EE9E0 /* tictactoe.proto */; };
		36E1CFE625BCB21F000EE9E0 /* tictactoe.pb.swift in Sources */ = {isa = PBXBuildFile; fileRef = 36E1CFE425BCB21F000EE9E0 /* tictactoe.pb.swift */; };
		36E1CFE725BCB21F000EE9E0 /* tictactoe.grpc.swift in Sources */ = {isa = PBXBuildFile; fileRef = 36E1CFE525BCB21F000EE9E0 /* tictactoe.grpc.swift */; };
		36E1CFF625BE0CF5000EE9E0 /* GRPC in Frameworks */ = {isa = PBXBuildFile; productRef = 36E1CFF525BE0CF5000EE9E0 /* GRPC */; };
/* End PBXBuildFile section */

/* Begin PBXContainerItemProxy section */
		36E1CFBC25BB3C69000EE9E0 /* PBXContainerItemProxy */ = {
			isa = PBXContainerItemProxy;
			containerPortal = 36E1CFA225BB3C66000EE9E0 /* Project object */;
			proxyType = 1;
			remoteGlobalIDString = 36E1CFA925BB3C66000EE9E0;
			remoteInfo = TicTacToe;
		};
		36E1CFC725BB3C69000EE9E0 /* PBXContainerItemProxy */ = {
			isa = PBXContainerItemProxy;
			containerPortal = 36E1CFA225BB3C66000EE9E0 /* Project object */;
			proxyType = 1;
			remoteGlobalIDString = 36E1CFA925BB3C66000EE9E0;
			remoteInfo = TicTacToe;
		};
/* End PBXContainerItemProxy section */

/* Begin PBXFileReference section */
		36E1CFAA25BB3C66000EE9E0 /* TicTacToe.app */ = {isa = PBXFileReference; explicitFileType = wrapper.application; includeInIndex = 0; path = TicTacToe.app; sourceTree = BUILT_PRODUCTS_DIR; };
		36E1CFAD25BB3C66000EE9E0 /* TicTacToeApp.swift */ = {isa = PBXFileReference; lastKnownFileType = sourcecode.swift; path = TicTacToeApp.swift; sourceTree = "<group>"; };
		36E1CFAF25BB3C66000EE9E0 /* ContentView.swift */ = {isa = PBXFileReference; lastKnownFileType = sourcecode.swift; path = ContentView.swift; sourceTree = "<group>"; };
		36E1CFB125BB3C69000EE9E0 /* Assets.xcassets */ = {isa = PBXFileReference; lastKnownFileType = folder.assetcatalog; path = Assets.xcassets; sourceTree = "<group>"; };
		36E1CFB425BB3C69000EE9E0 /* Preview Assets.xcassets */ = {isa = PBXFileReference; lastKnownFileType = folder.assetcatalog; path = "Preview Assets.xcassets"; sourceTree = "<group>"; };
		36E1CFB625BB3C69000EE9E0 /* Info.plist */ = {isa = PBXFileReference; lastKnownFileType = text.plist.xml; path = Info.plist; sourceTree = "<group>"; };
		36E1CFBB25BB3C69000EE9E0 /* TicTacToeTests.xctest */ = {isa = PBXFileReference; explicitFileType = wrapper.cfbundle; includeInIndex = 0; path = TicTacToeTests.xctest; sourceTree = BUILT_PRODUCTS_DIR; };
		36E1CFBF25BB3C69000EE9E0 /* TicTacToeTests.swift */ = {isa = PBXFileReference; lastKnownFileType = sourcecode.swift; path = TicTacToeTests.swift; sourceTree = "<group>"; };
		36E1CFC125BB3C69000EE9E0 /* Info.plist */ = {isa = PBXFileReference; lastKnownFileType = text.plist.xml; path = Info.plist; sourceTree = "<group>"; };
		36E1CFC625BB3C69000EE9E0 /* TicTacToeUITests.xctest */ = {isa = PBXFileReference; explicitFileType = wrapper.cfbundle; includeInIndex = 0; path = TicTacToeUITests.xctest; sourceTree = BUILT_PRODUCTS_DIR; };
		36E1CFCA25BB3C69000EE9E0 /* TicTacToeUITests.swift */ = {isa = PBXFileReference; lastKnownFileType = sourcecode.swift; path = TicTacToeUITests.swift; sourceTree = "<group>"; };
		36E1CFCC25BB3C69000EE9E0 /* Info.plist */ = {isa = PBXFileReference; lastKnownFileType = text.plist.xml; path = Info.plist; sourceTree = "<group>"; };
		36E1CFDF25BCB1E5000EE9E0 /* tictactoe.proto */ = {isa = PBXFileReference; fileEncoding = 4; lastKnownFileType = sourcecode.protobuf; path = tictactoe.proto; sourceTree = "<group>"; };
		36E1CFE425BCB21F000EE9E0 /* tictactoe.pb.swift */ = {isa = PBXFileReference; fileEncoding = 4; lastKnownFileType = sourcecode.swift; path = tictactoe.pb.swift; sourceTree = "<group>"; };
		36E1CFE525BCB21F000EE9E0 /* tictactoe.grpc.swift */ = {isa = PBXFileReference; fileEncoding = 4; lastKnownFileType = sourcecode.swift; path = tictactoe.grpc.swift; sourceTree = "<group>"; };
/* End PBXFileReference section */

/* Begin PBXFrameworksBuildPhase section */
		36E1CFA725BB3C66000EE9E0 /* Frameworks */ = {
			isa = PBXFrameworksBuildPhase;
			buildActionMask = 2147483647;
			files = (
				36E1CFF625BE0CF5000EE9E0 /* GRPC in Frameworks */,
			);
			runOnlyForDeploymentPostprocessing = 0;
		};
		36E1CFB825BB3C69000EE9E0 /* Frameworks */ = {
			isa = PBXFrameworksBuildPhase;
			buildActionMask = 2147483647;
			files = (
			);
			runOnlyForDeploymentPostprocessing = 0;
		};
		36E1CFC325BB3C69000EE9E0 /* Frameworks */ = {
			isa = PBXFrameworksBuildPhase;
			buildActionMask = 2147483647;
			files = (
			);
			runOnlyForDeploymentPostprocessing = 0;
		};
/* End PBXFrameworksBuildPhase section */

/* Begin PBXGroup section */
		36E1CFA125BB3C66000EE9E0 = {
			isa = PBXGroup;
			children = (
				36E1CFAC25BB3C66000EE9E0 /* TicTacToe */,
				36E1CFBE25BB3C69000EE9E0 /* TicTacToeTests */,
				36E1CFC925BB3C69000EE9E0 /* TicTacToeUITests */,
				36E1CFAB25BB3C66000EE9E0 /* Products */,
				36E1CFF425BE0CF5000EE9E0 /* Frameworks */,
			);
			sourceTree = "<group>";
		};
		36E1CFAB25BB3C66000EE9E0 /* Products */ = {
			isa = PBXGroup;
			children = (
				36E1CFAA25BB3C66000EE9E0 /* TicTacToe.app */,
				36E1CFBB25BB3C69000EE9E0 /* TicTacToeTests.xctest */,
				36E1CFC625BB3C69000EE9E0 /* TicTacToeUITests.xctest */,
			);
			name = Products;
			sourceTree = "<group>";
		};
		36E1CFAC25BB3C66000EE9E0 /* TicTacToe */ = {
			isa = PBXGroup;
			children = (
				36E1CFDE25BB3FC2000EE9E0 /* networking */,
				36E1CFAD25BB3C66000EE9E0 /* TicTacToeApp.swift */,
				36E1CFAF25BB3C66000EE9E0 /* ContentView.swift */,
				36E1CFB125BB3C69000EE9E0 /* Assets.xcassets */,
				36E1CFB625BB3C69000EE9E0 /* Info.plist */,
				36E1CFB325BB3C69000EE9E0 /* Preview Content */,
			);
			path = TicTacToe;
			sourceTree = "<group>";
		};
		36E1CFB325BB3C69000EE9E0 /* Preview Content */ = {
			isa = PBXGroup;
			children = (
				36E1CFB425BB3C69000EE9E0 /* Preview Assets.xcassets */,
			);
			path = "Preview Content";
			sourceTree = "<group>";
		};
		36E1CFBE25BB3C69000EE9E0 /* TicTacToeTests */ = {
			isa = PBXGroup;
			children = (
				36E1CFBF25BB3C69000EE9E0 /* TicTacToeTests.swift */,
				36E1CFC125BB3C69000EE9E0 /* Info.plist */,
			);
			path = TicTacToeTests;
			sourceTree = "<group>";
		};
		36E1CFC925BB3C69000EE9E0 /* TicTacToeUITests */ = {
			isa = PBXGroup;
			children = (
				36E1CFCA25BB3C69000EE9E0 /* TicTacToeUITests.swift */,
				36E1CFCC25BB3C69000EE9E0 /* Info.plist */,
			);
			path = TicTacToeUITests;
			sourceTree = "<group>";
		};
		36E1CFDE25BB3FC2000EE9E0 /* networking */ = {
			isa = PBXGroup;
			children = (
				36E1CFE525BCB21F000EE9E0 /* tictactoe.grpc.swift */,
				36E1CFE425BCB21F000EE9E0 /* tictactoe.pb.swift */,
				36E1CFDF25BCB1E5000EE9E0 /* tictactoe.proto */,
			);
			path = networking;
			sourceTree = "<group>";
		};
		36E1CFF425BE0CF5000EE9E0 /* Frameworks */ = {
			isa = PBXGroup;
			children = (
			);
			name = Frameworks;
			sourceTree = "<group>";
		};
/* End PBXGroup section */

/* Begin PBXNativeTarget section */
		36E1CFA925BB3C66000EE9E0 /* TicTacToe */ = {
			isa = PBXNativeTarget;
			buildConfigurationList = 36E1CFCF25BB3C69000EE9E0 /* Build configuration list for PBXNativeTarget "TicTacToe" */;
			buildPhases = (
				36E1CFA625BB3C66000EE9E0 /* Sources */,
				36E1CFA725BB3C66000EE9E0 /* Frameworks */,
				36E1CFA825BB3C66000EE9E0 /* Resources */,
			);
			buildRules = (
			);
			dependencies = (
			);
			name = TicTacToe;
			packageProductDependencies = (
				36E1CFF525BE0CF5000EE9E0 /* GRPC */,
			);
			productName = TicTacToe;
			productReference = 36E1CFAA25BB3C66000EE9E0 /* TicTacToe.app */;
			productType = "com.apple.product-type.application";
		};
		36E1CFBA25BB3C69000EE9E0 /* TicTacToeTests */ = {
			isa = PBXNativeTarget;
			buildConfigurationList = 36E1CFD225BB3C69000EE9E0 /* Build configuration list for PBXNativeTarget "TicTacToeTests" */;
			buildPhases = (
				36E1CFB725BB3C69000EE9E0 /* Sources */,
				36E1CFB825BB3C69000EE9E0 /* Frameworks */,
				36E1CFB925BB3C69000EE9E0 /* Resources */,
			);
			buildRules = (
			);
			dependencies = (
				36E1CFBD25BB3C69000EE9E0 /* PBXTargetDependency */,
			);
			name = TicTacToeTests;
			productName = TicTacToeTests;
			productReference = 36E1CFBB25BB3C69000EE9E0 /* TicTacToeTests.xctest */;
			productType = "com.apple.product-type.bundle.unit-test";
		};
		36E1CFC525BB3C69000EE9E0 /* TicTacToeUITests */ = {
			isa = PBXNativeTarget;
			buildConfigurationList = 36E1CFD525BB3C69000EE9E0 /* Build configuration list for PBXNativeTarget "TicTacToeUITests" */;
			buildPhases = (
				36E1CFC225BB3C69000EE9E0 /* Sources */,
				36E1CFC325BB3C69000EE9E0 /* Frameworks */,
				36E1CFC425BB3C69000EE9E0 /* Resources */,
			);
			buildRules = (
			);
			dependencies = (
				36E1CFC825BB3C69000EE9E0 /* PBXTargetDependency */,
			);
			name = TicTacToeUITests;
			productName = TicTacToeUITests;
			productReference = 36E1CFC625BB3C69000EE9E0 /* TicTacToeUITests.xctest */;
			productType = "com.apple.product-type.bundle.ui-testing";
		};
/* End PBXNativeTarget section */

/* Begin PBXProject section */
		36E1CFA225BB3C66000EE9E0 /* Project object */ = {
			isa = PBXProject;
			attributes = {
				LastSwiftUpdateCheck = 1220;
				LastUpgradeCheck = 1220;
				TargetAttributes = {
					36E1CFA925BB3C66000EE9E0 = {
						CreatedOnToolsVersion = 12.2;
					};
					36E1CFBA25BB3C69000EE9E0 = {
						CreatedOnToolsVersion = 12.2;
						TestTargetID = 36E1CFA925BB3C66000EE9E0;
					};
					36E1CFC525BB3C69000EE9E0 = {
						CreatedOnToolsVersion = 12.2;
						TestTargetID = 36E1CFA925BB3C66000EE9E0;
					};
				};
			};
			buildConfigurationList = 36E1CFA525BB3C66000EE9E0 /* Build configuration list for PBXProject "TicTacToe" */;
			compatibilityVersion = "Xcode 9.3";
			developmentRegion = en;
			hasScannedForEncodings = 0;
			knownRegions = (
				en,
				Base,
			);
			mainGroup = 36E1CFA125BB3C66000EE9E0;
			packageReferences = (
				36E1CFEB25BE0BED000EE9E0 /* XCRemoteSwiftPackageReference "grpc-swift" */,
			);
			productRefGroup = 36E1CFAB25BB3C66000EE9E0 /* Products */;
			projectDirPath = "";
			projectRoot = "";
			targets = (
				36E1CFA925BB3C66000EE9E0 /* TicTacToe */,
				36E1CFBA25BB3C69000EE9E0 /* TicTacToeTests */,
				36E1CFC525BB3C69000EE9E0 /* TicTacToeUITests */,
			);
		};
/* End PBXProject section */

/* Begin PBXResourcesBuildPhase section */
		36E1CFA825BB3C66000EE9E0 /* Resources */ = {
			isa = PBXResourcesBuildPhase;
			buildActionMask = 2147483647;
			files = (
				36E1CFB525BB3C69000EE9E0 /* Preview Assets.xcassets in Resources */,
				36E1CFB225BB3C69000EE9E0 /* Assets.xcassets in Resources */,
			);
			runOnlyForDeploymentPostprocessing = 0;
		};
		36E1CFB925BB3C69000EE9E0 /* Resources */ = {
			isa = PBXResourcesBuildPhase;
			buildActionMask = 2147483647;
			files = (
			);
			runOnlyForDeploymentPostprocessing = 0;
		};
		36E1CFC425BB3C69000EE9E0 /* Resources */ = {
			isa = PBXResourcesBuildPhase;
			buildActionMask = 2147483647;
			files = (
			);
			runOnlyForDeploymentPostprocessing = 0;
		};
/* End PBXResourcesBuildPhase section */

/* Begin PBXSourcesBuildPhase section */
		36E1CFA625BB3C66000EE9E0 /* Sources */ = {
			isa = PBXSourcesBuildPhase;
			buildActionMask = 2147483647;
			files = (
				36E1CFB025BB3C66000EE9E0 /* ContentView.swift in Sources */,
				36E1CFE725BCB21F000EE9E0 /* tictactoe.grpc.swift in Sources */,
				36E1CFE625BCB21F000EE9E0 /* tictactoe.pb.swift in Sources */,
				36E1CFAE25BB3C66000EE9E0 /* TicTacToeApp.swift in Sources */,
				36E1CFE025BCB1E6000EE9E0 /* tictactoe.proto in Sources */,
			);
			runOnlyForDeploymentPostprocessing = 0;
		};
		36E1CFB725BB3C69000EE9E0 /* Sources */ = {
			isa = PBXSourcesBuildPhase;
			buildActionMask = 2147483647;
			files = (
				36E1CFC025BB3C69000EE9E0 /* TicTacToeTests.swift in Sources */,
			);
			runOnlyForDeploymentPostprocessing = 0;
		};
		36E1CFC225BB3C69000EE9E0 /* Sources */ = {
			isa = PBXSourcesBuildPhase;
			buildActionMask = 2147483647;
			files = (
				36E1CFCB25BB3C69000EE9E0 /* TicTacToeUITests.swift in Sources */,
			);
			runOnlyForDeploymentPostprocessing = 0;
		};
/* End PBXSourcesBuildPhase section */

/* Begin PBXTargetDependency section */
		36E1CFBD25BB3C69000EE9E0 /* PBXTargetDependency */ = {
			isa = PBXTargetDependency;
			target = 36E1CFA925BB3C66000EE9E0 /* TicTacToe */;
			targetProxy = 36E1CFBC25BB3C69000EE9E0 /* PBXContainerItemProxy */;
		};
		36E1CFC825BB3C69000EE9E0 /* PBXTargetDependency */ = {
			isa = PBXTargetDependency;
			target = 36E1CFA925BB3C66000EE9E0 /* TicTacToe */;
			targetProxy = 36E1CFC725BB3C69000EE9E0 /* PBXContainerItemProxy */;
		};
/* End PBXTargetDependency section */

/* Begin XCBuildConfiguration section */
		36E1CFCD25BB3C69000EE9E0 /* Debug */ = {
			isa = XCBuildConfiguration;
			buildSettings = {
				ALWAYS_SEARCH_USER_PATHS = NO;
				CLANG_ANALYZER_NONNULL = YES;
				CLANG_ANALYZER_NUMBER_OBJECT_CONVERSION = YES_AGGRESSIVE;
				CLANG_CXX_LANGUAGE_STANDARD = "gnu++14";
				CLANG_CXX_LIBRARY = "libc++";
				CLANG_ENABLE_MODULES = YES;
				CLANG_ENABLE_OBJC_ARC = YES;
				CLANG_ENABLE_OBJC_WEAK = YES;
				CLANG_WARN_BLOCK_CAPTURE_AUTORELEASING = YES;
				CLANG_WARN_BOOL_CONVERSION = YES;
				CLANG_WARN_COMMA = YES;
				CLANG_WARN_CONSTANT_CONVERSION = YES;
				CLANG_WARN_DEPRECATED_OBJC_IMPLEMENTATIONS = YES;
				CLANG_WARN_DIRECT_OBJC_ISA_USAGE = YES_ERROR;
				CLANG_WARN_DOCUMENTATION_COMMENTS = YES;
				CLANG_WARN_EMPTY_BODY = YES;
				CLANG_WARN_ENUM_CONVERSION = YES;
				CLANG_WARN_INFINITE_RECURSION = YES;
				CLANG_WARN_INT_CONVERSION = YES;
				CLANG_WARN_NON_LITERAL_NULL_CONVERSION = YES;
				CLANG_WARN_OBJC_IMPLICIT_RETAIN_SELF = YES;
				CLANG_WARN_OBJC_LITERAL_CONVERSION = YES;
				CLANG_WARN_OBJC_ROOT_CLASS = YES_ERROR;
				CLANG_WARN_QUOTED_INCLUDE_IN_FRAMEWORK_HEADER = YES;
				CLANG_WARN_RANGE_LOOP_ANALYSIS = YES;
				CLANG_WARN_STRICT_PROTOTYPES = YES;
				CLANG_WARN_SUSPICIOUS_MOVE = YES;
				CLANG_WARN_UNGUARDED_AVAILABILITY = YES_AGGRESSIVE;
				CLANG_WARN_UNREACHABLE_CODE = YES;
				CLANG_WARN__DUPLICATE_METHOD_MATCH = YES;
				COPY_PHASE_STRIP = NO;
				DEBUG_INFORMATION_FORMAT = dwarf;
				ENABLE_STRICT_OBJC_MSGSEND = YES;
				ENABLE_TESTABILITY = YES;
				GCC_C_LANGUAGE_STANDARD = gnu11;
				GCC_DYNAMIC_NO_PIC = NO;
				GCC_NO_COMMON_BLOCKS = YES;
				GCC_OPTIMIZATION_LEVEL = 0;
				GCC_PREPROCESSOR_DEFINITIONS = (
					"DEBUG=1",
					"$(inherited)",
				);
				GCC_WARN_64_TO_32_BIT_CONVERSION = YES;
				GCC_WARN_ABOUT_RETURN_TYPE = YES_ERROR;
				GCC_WARN_UNDECLARED_SELECTOR = YES;
				GCC_WARN_UNINITIALIZED_AUTOS = YES_AGGRESSIVE;
				GCC_WARN_UNUSED_FUNCTION = YES;
				GCC_WARN_UNUSED_VARIABLE = YES;
				IPHONEOS_DEPLOYMENT_TARGET = 14.2;
				MTL_ENABLE_DEBUG_INFO = INCLUDE_SOURCE;
				MTL_FAST_MATH = YES;
				ONLY_ACTIVE_ARCH = YES;
				SDKROOT = iphoneos;
				SWIFT_ACTIVE_COMPILATION_CONDITIONS = DEBUG;
				SWIFT_OPTIMIZATION_LEVEL = "-Onone";
			};
			name = Debug;
		};
		36E1CFCE25BB3C69000EE9E0 /* Release */ = {
			isa = XCBuildConfiguration;
			buildSettings = {
				ALWAYS_SEARCH_USER_PATHS = NO;
				CLANG_ANALYZER_NONNULL = YES;
				CLANG_ANALYZER_NUMBER_OBJECT_CONVERSION = YES_AGGRESSIVE;
				CLANG_CXX_LANGUAGE_STANDARD = "gnu++14";
				CLANG_CXX_LIBRARY = "libc++";
				CLANG_ENABLE_MODULES = YES;
				CLANG_ENABLE_OBJC_ARC = YES;
				CLANG_ENABLE_OBJC_WEAK = YES;
				CLANG_WARN_BLOCK_CAPTURE_AUTORELEASING = YES;
				CLANG_WARN_BOOL_CONVERSION = YES;
				CLANG_WARN_COMMA = YES;
				CLANG_WARN_CONSTANT_CONVERSION = YES;
				CLANG_WARN_DEPRECATED_OBJC_IMPLEMENTATIONS = YES;
				CLANG_WARN_DIRECT_OBJC_ISA_USAGE = YES_ERROR;
				CLANG_WARN_DOCUMENTATION_COMMENTS = YES;
				CLANG_WARN_EMPTY_BODY = YES;
				CLANG_WARN_ENUM_CONVERSION = YES;
				CLANG_WARN_INFINITE_RECURSION = YES;
				CLANG_WARN_INT_CONVERSION = YES;
				CLANG_WARN_NON_LITERAL_NULL_CONVERSION = YES;
				CLANG_WARN_OBJC_IMPLICIT_RETAIN_SELF = YES;
				CLANG_WARN_OBJC_LITERAL_CONVERSION = YES;
				CLANG_WARN_OBJC_ROOT_CLASS = YES_ERROR;
				CLANG_WARN_QUOTED_INCLUDE_IN_FRAMEWORK_HEADER = YES;
				CLANG_WARN_RANGE_LOOP_ANALYSIS = YES;
				CLANG_WARN_STRICT_PROTOTYPES = YES;
				CLANG_WARN_SUSPICIOUS_MOVE = YES;
				CLANG_WARN_UNGUARDED_AVAILABILITY = YES_AGGRESSIVE;
				CLANG_WARN_UNREACHABLE_CODE = YES;
				CLANG_WARN__DUPLICATE_METHOD_MATCH = YES;
				COPY_PHASE_STRIP = NO;
				DEBUG_INFORMATION_FORMAT = "dwarf-with-dsym";
				ENABLE_NS_ASSERTIONS = NO;
				ENABLE_STRICT_OBJC_MSGSEND = YES;
				GCC_C_LANGUAGE_STANDARD = gnu11;
				GCC_NO_COMMON_BLOCKS = YES;
				GCC_WARN_64_TO_32_BIT_CONVERSION = YES;
				GCC_WARN_ABOUT_RETURN_TYPE = YES_ERROR;
				GCC_WARN_UNDECLARED_SELECTOR = YES;
				GCC_WARN_UNINITIALIZED_AUTOS = YES_AGGRESSIVE;
				GCC_WARN_UNUSED_FUNCTION = YES;
				GCC_WARN_UNUSED_VARIABLE = YES;
				IPHONEOS_DEPLOYMENT_TARGET = 14.2;
				MTL_ENABLE_DEBUG_INFO = NO;
				MTL_FAST_MATH = YES;
				SDKROOT = iphoneos;
				SWIFT_COMPILATION_MODE = wholemodule;
				SWIFT_OPTIMIZATION_LEVEL = "-O";
				VALIDATE_PRODUCT = YES;
			};
			name = Release;
		};
		36E1CFD025BB3C69000EE9E0 /* Debug */ = {
			isa = XCBuildConfiguration;
			buildSettings = {
				ASSETCATALOG_COMPILER_APPICON_NAME = AppIcon;
				ASSETCATALOG_COMPILER_GLOBAL_ACCENT_COLOR_NAME = AccentColor;
				CODE_SIGN_STYLE = Automatic;
				DEVELOPMENT_ASSET_PATHS = "\"TicTacToe/Preview Content\"";
				DEVELOPMENT_TEAM = 82DM2K9VG6;
				ENABLE_PREVIEWS = YES;
				INFOPLIST_FILE = TicTacToe/Info.plist;
				IPHONEOS_DEPLOYMENT_TARGET = 14.0;
				LD_RUNPATH_SEARCH_PATHS = (
					"$(inherited)",
					"@executable_path/Frameworks",
				);
				PRODUCT_BUNDLE_IDENTIFIER = de.tum.in.ase.TicTacToe;
				PRODUCT_NAME = "$(TARGET_NAME)";
				SWIFT_VERSION = 5.0;
				TARGETED_DEVICE_FAMILY = "1,2";
			};
			name = Debug;
		};
		36E1CFD125BB3C69000EE9E0 /* Release */ = {
			isa = XCBuildConfiguration;
			buildSettings = {
				ASSETCATALOG_COMPILER_APPICON_NAME = AppIcon;
				ASSETCATALOG_COMPILER_GLOBAL_ACCENT_COLOR_NAME = AccentColor;
				CODE_SIGN_STYLE = Automatic;
				DEVELOPMENT_ASSET_PATHS = "\"TicTacToe/Preview Content\"";
				DEVELOPMENT_TEAM = 82DM2K9VG6;
				ENABLE_PREVIEWS = YES;
				INFOPLIST_FILE = TicTacToe/Info.plist;
				IPHONEOS_DEPLOYMENT_TARGET = 14.0;
				LD_RUNPATH_SEARCH_PATHS = (
					"$(inherited)",
					"@executable_path/Frameworks",
				);
				PRODUCT_BUNDLE_IDENTIFIER = de.tum.in.ase.TicTacToe;
				PRODUCT_NAME = "$(TARGET_NAME)";
				SWIFT_VERSION = 5.0;
				TARGETED_DEVICE_FAMILY = "1,2";
			};
			name = Release;
		};
		36E1CFD325BB3C69000EE9E0 /* Debug */ = {
			isa = XCBuildConfiguration;
			buildSettings = {
				ALWAYS_EMBED_SWIFT_STANDARD_LIBRARIES = YES;
				BUNDLE_LOADER = "$(TEST_HOST)";
				CODE_SIGN_STYLE = Automatic;
				INFOPLIST_FILE = TicTacToeTests/Info.plist;
				IPHONEOS_DEPLOYMENT_TARGET = 14.0;
				LD_RUNPATH_SEARCH_PATHS = (
					"$(inherited)",
					"@executable_path/Frameworks",
					"@loader_path/Frameworks",
				);
				PRODUCT_BUNDLE_IDENTIFIER = de.tum.in.ase.TicTacToeTests;
				PRODUCT_NAME = "$(TARGET_NAME)";
				SWIFT_VERSION = 5.0;
				TARGETED_DEVICE_FAMILY = "1,2";
				TEST_HOST = "$(BUILT_PRODUCTS_DIR)/TicTacToe.app/TicTacToe";
			};
			name = Debug;
		};
		36E1CFD425BB3C69000EE9E0 /* Release */ = {
			isa = XCBuildConfiguration;
			buildSettings = {
				ALWAYS_EMBED_SWIFT_STANDARD_LIBRARIES = YES;
				BUNDLE_LOADER = "$(TEST_HOST)";
				CODE_SIGN_STYLE = Automatic;
				INFOPLIST_FILE = TicTacToeTests/Info.plist;
				IPHONEOS_DEPLOYMENT_TARGET = 14.0;
				LD_RUNPATH_SEARCH_PATHS = (
					"$(inherited)",
					"@executable_path/Frameworks",
					"@loader_path/Frameworks",
				);
				PRODUCT_BUNDLE_IDENTIFIER = de.tum.in.ase.TicTacToeTests;
				PRODUCT_NAME = "$(TARGET_NAME)";
				SWIFT_VERSION = 5.0;
				TARGETED_DEVICE_FAMILY = "1,2";
				TEST_HOST = "$(BUILT_PRODUCTS_DIR)/TicTacToe.app/TicTacToe";
			};
			name = Release;
		};
		36E1CFD625BB3C69000EE9E0 /* Debug */ = {
			isa = XCBuildConfiguration;
			buildSettings = {
				ALWAYS_EMBED_SWIFT_STANDARD_LIBRARIES = YES;
				CODE_SIGN_STYLE = Automatic;
				INFOPLIST_FILE = TicTacToeUITests/Info.plist;
				LD_RUNPATH_SEARCH_PATHS = (
					"$(inherited)",
					"@executable_path/Frameworks",
					"@loader_path/Frameworks",
				);
				PRODUCT_BUNDLE_IDENTIFIER = de.tum.in.ase.TicTacToeUITests;
				PRODUCT_NAME = "$(TARGET_NAME)";
				SWIFT_VERSION = 5.0;
				TARGETED_DEVICE_FAMILY = "1,2";
				TEST_TARGET_NAME = TicTacToe;
			};
			name = Debug;
		};
		36E1CFD725BB3C69000EE9E0 /* Release */ = {
			isa = XCBuildConfiguration;
			buildSettings = {
				ALWAYS_EMBED_SWIFT_STANDARD_LIBRARIES = YES;
				CODE_SIGN_STYLE = Automatic;
				INFOPLIST_FILE = TicTacToeUITests/Info.plist;
				LD_RUNPATH_SEARCH_PATHS = (
					"$(inherited)",
					"@executable_path/Frameworks",
					"@loader_path/Frameworks",
				);
				PRODUCT_BUNDLE_IDENTIFIER = de.tum.in.ase.TicTacToeUITests;
				PRODUCT_NAME = "$(TARGET_NAME)";
				SWIFT_VERSION = 5.0;
				TARGETED_DEVICE_FAMILY = "1,2";
				TEST_TARGET_NAME = TicTacToe;
			};
			name = Release;
		};
/* End XCBuildConfiguration section */

/* Begin XCConfigurationList section */
		36E1CFA525BB3C66000EE9E0 /* Build configuration list for PBXProject "TicTacToe" */ = {
			isa = XCConfigurationList;
			buildConfigurations = (
				36E1CFCD25BB3C69000EE9E0 /* Debug */,
				36E1CFCE25BB3C69000EE9E0 /* Release */,
			);
			defaultConfigurationIsVisible = 0;
			defaultConfigurationName = Release;
		};
		36E1CFCF25BB3C69000EE9E0 /* Build configuration list for PBXNativeTarget "TicTacToe" */ = {
			isa = XCConfigurationList;
			buildConfigurations = (
				36E1CFD025BB3C69000EE9E0 /* Debug */,
				36E1CFD125BB3C69000EE9E0 /* Release */,
			);
			defaultConfigurationIsVisible = 0;
			defaultConfigurationName = Release;
		};
		36E1CFD225BB3C69000EE9E0 /* Build configuration list for PBXNativeTarget "TicTacToeTests" */ = {
			isa = XCConfigurationList;
			buildConfigurations = (
				36E1CFD325BB3C69000EE9E0 /* Debug */,
				36E1CFD425BB3C69000EE9E0 /* Release */,
			);
			defaultConfigurationIsVisible = 0;
			defaultConfigurationName = Release;
		};
		36E1CFD525BB3C69000EE9E0 /* Build configuration list for PBXNativeTarget "TicTacToeUITests" */ = {
			isa = XCConfigurationList;
			buildConfigurations = (
				36E1CFD625BB3C69000EE9E0 /* Debug */,
				36E1CFD725BB3C69000EE9E0 /* Release */,
			);
			defaultConfigurationIsVisible = 0;
			defaultConfigurationName = Release;
		};
/* End XCConfigurationList section */

/* Begin XCRemoteSwiftPackageReference section */
		36E1CFEB25BE0BED000EE9E0 /* XCRemoteSwiftPackageReference "grpc-swift" */ = {
			isa = XCRemoteSwiftPackageReference;
			repositoryURL = "https://github.com/grpc/grpc-swift.git";
			requirement = {
				kind = upToNextMajorVersion;
				minimumVersion = "1.0.0-alpha.20";
			};
		};
/* End XCRemoteSwiftPackageReference section */

/* Begin XCSwiftPackageProductDependency section */
		36E1CFF525BE0CF5000EE9E0 /* GRPC */ = {
			isa = XCSwiftPackageProductDependency;
			package = 36E1CFEB25BE0BED000EE9E0 /* XCRemoteSwiftPackageReference "grpc-swift" */;
			productName = GRPC;
		};
/* End XCSwiftPackageProductDependency section */
	};
	rootObject = 36E1CFA225BB3C66000EE9E0 /* Project object */;
}
